<Project xmlns="http://schemas.microsoft.com/developer/msbuild/2003">
    <PropertyGroup>
        <ProjectGuid>{3B00CE05-5D50-4E19-B47D-8C001BA8A79D}</ProjectGuid>
        <ProjectVersion>14.4</ProjectVersion>
        <FrameworkType>VCL</FrameworkType>
        <MainSource>Warehouse.dpr</MainSource>
        <Base>True</Base>
        <Config Condition="'$(Config)'==''">Debug</Config>
        <Platform Condition="'$(Platform)'==''">Win32</Platform>
        <TargetedPlatforms>1</TargetedPlatforms>
        <AppType>Application</AppType>
    </PropertyGroup>
    <PropertyGroup Condition="'$(Config)'=='Base' or '$(Base)'!=''">
        <Base>true</Base>
    </PropertyGroup>
    <PropertyGroup Condition="('$(Platform)'=='Win32' and '$(Base)'=='true') or '$(Base_Win32)'!=''">
        <Base_Win32>true</Base_Win32>
        <CfgParent>Base</CfgParent>
        <Base>true</Base>
    </PropertyGroup>
    <PropertyGroup Condition="('$(Platform)'=='Win64' and '$(Base)'=='true') or '$(Base_Win64)'!=''">
        <Base_Win64>true</Base_Win64>
        <CfgParent>Base</CfgParent>
        <Base>true</Base>
    </PropertyGroup>
    <PropertyGroup Condition="'$(Config)'=='Debug' or '$(Cfg_1)'!=''">
        <Cfg_1>true</Cfg_1>
        <CfgParent>Base</CfgParent>
        <Base>true</Base>
    </PropertyGroup>
    <PropertyGroup Condition="('$(Platform)'=='Win32' and '$(Cfg_1)'=='true') or '$(Cfg_1_Win32)'!=''">
        <Cfg_1_Win32>true</Cfg_1_Win32>
        <CfgParent>Cfg_1</CfgParent>
        <Cfg_1>true</Cfg_1>
        <Base>true</Base>
    </PropertyGroup>
    <PropertyGroup Condition="'$(Config)'=='Release' or '$(Cfg_2)'!=''">
        <Cfg_2>true</Cfg_2>
        <CfgParent>Base</CfgParent>
        <Base>true</Base>
    </PropertyGroup>
    <PropertyGroup Condition="('$(Platform)'=='Win32' and '$(Cfg_2)'=='true') or '$(Cfg_2_Win32)'!=''">
        <Cfg_2_Win32>true</Cfg_2_Win32>
        <CfgParent>Cfg_2</CfgParent>
        <Cfg_2>true</Cfg_2>
        <Base>true</Base>
    </PropertyGroup>
    <PropertyGroup Condition="'$(Base)'!=''">
        <DCC_Namespace>System;Xml;Data;Datasnap;Web;Soap;Vcl;Vcl.Imaging;Vcl.Touch;Vcl.Samples;Vcl.Shell;$(DCC_Namespace)</DCC_Namespace>
        <Icon_MainIcon>$(BDS)\bin\delphi_PROJECTICON.ico</Icon_MainIcon>
        <DCC_DcuOutput>.\$(Platform)\$(Config)</DCC_DcuOutput>
        <DCC_ExeOutput>.\$(Platform)\$(Config)</DCC_ExeOutput>
        <DCC_E>false</DCC_E>
        <DCC_N>false</DCC_N>
        <DCC_S>false</DCC_S>
        <DCC_F>false</DCC_F>
        <DCC_K>false</DCC_K>
    </PropertyGroup>
    <PropertyGroup Condition="'$(Base_Win32)'!=''">
        <VerInfo_IncludeVerInfo>true</VerInfo_IncludeVerInfo>
        <VerInfo_Locale>1033</VerInfo_Locale>
        <DCC_UsePackage>cxPivotGridChartRS17;dxSkinCaramelRS17;dxSkinOffice2013WhiteRS17;dxSkinSevenRS17;dxSkinBlueprintRS17;dxSkinHighContrastRS17;tmsexdxe3;dxSkinOffice2007BlackRS17;dxCoreRS17;dac170;dxSkinXmas2008BlueRS17;dxPSDBTeeChartRS17;RaizeComponentsVcl;dxSkinSummer2008RS17;dxSkinMetropolisRS17;dxSkinBlueRS17;dxSkinDarkRoomRS17;dxPScxSchedulerLnkRS17;dxPSTeeChartRS17;DBXInterBaseDriver;DataSnapServer;DataSnapCommon;frxUniDAC17;dxPScxTLLnkRS17;dxRibbonRS17;DbxCommonDriver;cxDataRS17;vclimg;dxSkinsdxBarPainterRS17;dxPSdxDBTVLnkRS17;dbxcds;DatasnapConnectorsFreePascal;frxIBX17;dxSkinMoneyTwinsRS17;vcldb;cxExportRS17;ibprovider170;dxPSCoreRS17;dxBarExtItemsRS17;dxGDIPlusRS17;frxDAC17;dxNavBarRS17;CustomIPTransport;cxLibraryRS17;cxGridRS17;dxSkinOffice2010BlackRS17;dsnap;IndyIPServer;unidac170;IndyCore;dxSkinMcSkinRS17;CloudService;dxPScxCommonRS17;FmxTeeUI;frxDB17;dxSkinsdxDLPainterRS17;dxSkiniMaginaryRS17;dxWizardControlRS17;dxPScxVGridLnkRS17;dxSkinSevenClassicRS17;dxPScxExtCommonRS17;dxSkinLilianRS17;fs17;dxSkinOffice2010BlueRS17;dxPSdxLCLnkRS17;frxTee17;bindcompfmx;dxSkinOffice2010SilverRS17;vcldbx;dxSkinOffice2013LightGrayRS17;fsTee17;cxSchedulerGridRS17;dbrtl;bindcomp;inetdb;PKIECtrl17;dxBarRS17;DBXOdbcDriver;dxBarDBNavRS17;madDisAsm_;dxSkinWhiteprintRS17;xmlrtl;dxSkinsdxRibbonPainterRS17;ibxpress;tmsdxe3;dxDockingRS17;PKIEDB17;vclactnband;bindengine;soaprtl;FMXTee;fsADO17;fsUniDAC17;bindcompvcl;dxADOServerModeRS17;dxBarExtDBItemsRS17;dxSkinOffice2007PinkRS17;vclie;frxADO17;dxSkinOffice2013DarkGrayRS17;dxPSPrVwRibbonRS17;madExcept_;cxPageControlRS17;ZylSerialPortPack;dxSkinscxPCPainterRS17;dxSpreadSheetRS17;cxSchedulerRibbonStyleEventEditorRS17;dxmdsRS17;dxSkinTheAsphaltWorldRS17;DBXInformixDriver;Intraweb;dxPsPrVwAdvRS17;dxSkinSilverRS17;dxdborRS17;dsnapcon;DBXFirebirdDriver;inet;fsDB17;vclx;dxSkinStardustRS17;cxEditorsRS17;DBXSybaseASADriver;tmsxlsdxe3;XLSRWII5_DXE3;dxGaugeControlRS17;dbexpress;EurekaLogCore;IndyIPClient;cxTreeListdxBarPopupMenuRS17;dxSkinVS2010RS17;dxThemeRS17;DBXSqliteDriver;AbbreviaVCL;dxPScxGridLnkRS17;fmx;IndySystem;TeeDB;dxSkinValentineRS17;vclib;inetdbbde;DataSnapClient;dxSkinDevExpressStyleRS17;DataSnapProviderClient;DBXSybaseASEDriver;cxBarEditItemRS17;dxServerModeRS17;cxSchedulerRS17;MetropolisUILiveTile;dxSkinPumpkinRS17;fsBDE17;dxPSLnksRS17;dxPSdxDBOCLnkRS17;cxVerticalGridRS17;dxSkinSpringTimeRS17;vcldsnap;dacvcl170;dxSkinDevExpressDarkStyleRS17;DBXDb2Driver;DBXOracleDriver;dxSkinLiquidSkyRS17;vclribbon;fmxase;vcl;dxSkinOffice2007SilverRS17;IndyIPCommon;DBXMSSQLDriver;CodeSiteExpressPkg;dxPSdxOCLnkRS17;dxSkinMetropolisDarkRS17;tmswizdxe3;fsIBX17;inetdbxpress;webdsnap;dxSkinCoffeeRS17;adortl;dxSkinscxSchedulerPainterRS17;madBasic_;frx17;dxtrmdRS17;dxPScxPCProdRS17;frxDBX17;RaizeComponentsVclDb;rtl;DbxClientDriver;dxTabbedMDIRS17;dxSkinSharpPlusRS17;dxComnRS17;dxSkinsCoreRS17;dxSkinLondonLiquidSkyRS17;dxdbtrRS17;Tee;dxSkinBlackRS17;dxorgcRS17;svnui;IndyProtocols;DBXMySQLDriver;dxLayoutControlRS17;bindcompdbx;TeeUI;dxSkinOffice2007BlueRS17;dxPScxPivotGridLnkRS17;dxSpellCheckerRS17;vcltouch;dxSkinOffice2007GreenRS17;dxSkinSharpRS17;websnap;fsDAC17;dxTileControlRS17;dxSkinFoggyRS17;VclSmp;dxSkinDarkSideRS17;cxPivotGridRS17;dxRichEditControlRS17;DataSnapConnectors;clinetsuitedXE3;fmxobj;cxTreeListRS17;dxSkinGlassOceansRS17;dxPSdxFCLnkRS17;unidacvcl170;frxe17;svn;dxFlowChartRS17;fmxdae;dxMapControlRS17;bdertl;dxSkinsdxNavBarPainterRS17;frxBDE17;DataSnapIndy10ServerTransport;dxDBXServerModeRS17;myprovider170;$(DCC_UsePackage)</DCC_UsePackage>
        <Manifest_File>$(BDS)\bin\default_app.manifest</Manifest_File>
        <VerInfo_Keys>CompanyName=;FileDescription=;FileVersion=1.0.0.0;InternalName=;LegalCopyright=;LegalTrademarks=;OriginalFilename=;ProductName=;ProductVersion=1.0.0.0;Comments=</VerInfo_Keys>
        <DCC_Namespace>Winapi;System.Win;Data.Win;Datasnap.Win;Web.Win;Soap.Win;Xml.Win;Bde;$(DCC_Namespace)</DCC_Namespace>
    </PropertyGroup>
    <PropertyGroup Condition="'$(Base_Win64)'!=''">
        <DCC_UsePackage>dxSkinCaramelRS17;dxSkinOffice2013WhiteRS17;dxSkinSevenRS17;dxSkinBlueprintRS17;dxSkinHighContrastRS17;dxSkinOffice2007BlackRS17;dxCoreRS17;dac170;dxSkinXmas2008BlueRS17;dxPSDBTeeChartRS17;RaizeComponentsVcl;dxSkinSummer2008RS17;dxSkinMetropolisRS17;dxSkinBlueRS17;dxSkinDarkRoomRS17;dxPScxSchedulerLnkRS17;dxPSTeeChartRS17;DBXInterBaseDriver;DataSnapServer;DataSnapCommon;dxPScxTLLnkRS17;dxRibbonRS17;DbxCommonDriver;cxDataRS17;vclimg;dxSkinsdxBarPainterRS17;dxPSdxDBTVLnkRS17;dbxcds;DatasnapConnectorsFreePascal;dxSkinMoneyTwinsRS17;vcldb;cxExportRS17;dxPSCoreRS17;dxBarExtItemsRS17;dxGDIPlusRS17;dxNavBarRS17;CustomIPTransport;cxLibraryRS17;cxGridRS17;dxSkinOffice2010BlackRS17;dsnap;IndyIPServer;unidac170;IndyCore;dxSkinMcSkinRS17;dxPScxCommonRS17;dxSkinsdxDLPainterRS17;dxSkiniMaginaryRS17;dxWizardControlRS17;dxPScxVGridLnkRS17;dxSkinSevenClassicRS17;dxPScxExtCommonRS17;dxSkinLilianRS17;dxSkinOffice2010BlueRS17;dxPSdxLCLnkRS17;bindcompfmx;dxSkinOffice2010SilverRS17;dxSkinOffice2013LightGrayRS17;dbrtl;bindcomp;inetdb;PKIECtrl17;dxBarRS17;DBXOdbcDriver;dxBarDBNavRS17;dxSkinWhiteprintRS17;xmlrtl;dxSkinsdxRibbonPainterRS17;ibxpress;dxDockingRS17;vclactnband;bindengine;soaprtl;bindcompvcl;dxADOServerModeRS17;dxBarExtDBItemsRS17;dxSkinOffice2007PinkRS17;vclie;dxSkinOffice2013DarkGrayRS17;dxPSPrVwRibbonRS17;cxPageControlRS17;dxSkinscxPCPainterRS17;cxSchedulerRibbonStyleEventEditorRS17;dxmdsRS17;dxSkinTheAsphaltWorldRS17;DBXInformixDriver;dxPsPrVwAdvRS17;dxSkinSilverRS17;dxdborRS17;dsnapcon;DBXFirebirdDriver;inet;vclx;dxSkinStardustRS17;cxEditorsRS17;DBXSybaseASADriver;dxGaugeControlRS17;dbexpress;IndyIPClient;cxTreeListdxBarPopupMenuRS17;dxSkinVS2010RS17;dxThemeRS17;DBXSqliteDriver;dxPScxGridLnkRS17;fmx;IndySystem;TeeDB;dxSkinValentineRS17;vclib;DataSnapClient;dxSkinDevExpressStyleRS17;DataSnapProviderClient;DBXSybaseASEDriver;cxBarEditItemRS17;dxServerModeRS17;cxSchedulerRS17;dxSkinPumpkinRS17;dxPSLnksRS17;dxPSdxDBOCLnkRS17;cxVerticalGridRS17;dxSkinSpringTimeRS17;vcldsnap;dacvcl170;dxSkinDevExpressDarkStyleRS17;DBXDb2Driver;DBXOracleDriver;dxSkinLiquidSkyRS17;fmxase;vcl;dxSkinOffice2007SilverRS17;IndyIPCommon;DBXMSSQLDriver;dxPSdxOCLnkRS17;dxSkinMetropolisDarkRS17;inetdbxpress;webdsnap;dxSkinCoffeeRS17;adortl;dxSkinscxSchedulerPainterRS17;dxPScxPCProdRS17;rtl;DbxClientDriver;dxTabbedMDIRS17;dxSkinSharpPlusRS17;dxComnRS17;dxSkinsCoreRS17;dxSkinLondonLiquidSkyRS17;dxdbtrRS17;Tee;dxSkinBlackRS17;dxorgcRS17;IndyProtocols;DBXMySQLDriver;dxLayoutControlRS17;bindcompdbx;TeeUI;dxSkinOffice2007BlueRS17;dxPScxPivotGridLnkRS17;vcltouch;dxSkinOffice2007GreenRS17;dxSkinSharpRS17;websnap;dxSkinFoggyRS17;VclSmp;dxSkinDarkSideRS17;cxPivotGridRS17;dxRichEditControlRS17;DataSnapConnectors;fmxobj;cxTreeListRS17;dxSkinGlassOceansRS17;dxPSdxFCLnkRS17;unidacvcl170;dxFlowChartRS17;fmxdae;dxSkinsdxNavBarPainterRS17;DataSnapIndy10ServerTransport;dxDBXServerModeRS17;$(DCC_UsePackage)</DCC_UsePackage>
    </PropertyGroup>
    <PropertyGroup Condition="'$(Cfg_1)'!=''">
        <DCC_Define>DEBUG;$(DCC_Define)</DCC_Define>
        <DCC_DebugDCUs>true</DCC_DebugDCUs>
        <DCC_Optimize>false</DCC_Optimize>
        <DCC_GenerateStackFrames>true</DCC_GenerateStackFrames>
        <DCC_DebugInfoInExe>true</DCC_DebugInfoInExe>
        <DCC_RemoteDebug>true</DCC_RemoteDebug>
    </PropertyGroup>
    <PropertyGroup Condition="'$(Cfg_1_Win32)'!=''">
        <DCC_ExeOutput>C:\Work\Warehouse\Win32\Debug\</DCC_ExeOutput>
        <VerInfo_Locale>1033</VerInfo_Locale>
        <DCC_DcuOutput>C:\Work\Warehouse\Win32\Debug\</DCC_DcuOutput>
        <VerInfo_IncludeVerInfo>true</VerInfo_IncludeVerInfo>
        <DCC_MapFile>3</DCC_MapFile>
        <DCC_RemoteDebug>false</DCC_RemoteDebug>
    </PropertyGroup>
    <PropertyGroup Condition="'$(Cfg_2)'!=''">
        <DCC_LocalDebugSymbols>false</DCC_LocalDebugSymbols>
        <DCC_Define>RELEASE;$(DCC_Define)</DCC_Define>
        <DCC_SymbolReferenceInfo>0</DCC_SymbolReferenceInfo>
        <DCC_DebugInformation>false</DCC_DebugInformation>
    </PropertyGroup>
    <PropertyGroup Condition="'$(Cfg_2_Win32)'!=''">
        <DCC_ExeOutput>C:\Work\Warehouse\Win32\Release\</DCC_ExeOutput>
        <VerInfo_Locale>1033</VerInfo_Locale>
        <VerInfo_IncludeVerInfo>true</VerInfo_IncludeVerInfo>
        <DCC_DcuOutput>C:\Work\Warehouse\Win32\Release\</DCC_DcuOutput>
        <DCC_DebugInformation>true</DCC_DebugInformation>
        <DCC_GenerateStackFrames>true</DCC_GenerateStackFrames>
        <DCC_MapFile>3</DCC_MapFile>
    </PropertyGroup>
    <ItemGroup>
        <DelphiCompile Include="$(MainSource)">
            <MainSource>MainSource</MainSource>
        </DelphiCompile>
        <DCCReference Include="fm_MainForm.pas">
            <Form>MainForm</Form>
            <FormType>dfm</FormType>
        </DCCReference>
        <DCCReference Include="dm_main.pas">
            <Form>dmMain</Form>
            <FormType>dfm</FormType>
            <DesignClass>TDataModule</DesignClass>
        </DCCReference>
        <DCCReference Include="fm_ShowInvoiceRegister.pas">
            <Form>fmShowInvoiceRegister</Form>
        </DCCReference>
        <DCCReference Include="fm_AddEditRefBook.pas">
            <Form>fmAddEditRefBook</Form>
            <FormType>dfm</FormType>
        </DCCReference>
        <DCCReference Include="fm_ShowRefBookGoods.pas">
            <Form>fmShowRefBookGoods</Form>
            <FormType>dfm</FormType>
        </DCCReference>
        <DCCReference Include="fm_AddEditRefBookGoods.pas">
            <Form>fmAddEditRefBookGoods</Form>
            <FormType>dfm</FormType>
        </DCCReference>
        <DCCReference Include="fm_AddEditGroup.pas">
            <Form>fmAddEditGroup</Form>
            <FormType>dfm</FormType>
        </DCCReference>
        <DCCReference Include="fm_AddEditLinkedRefBook.pas">
            <Form>fmAddEditLinkedRefBook</Form>
        </DCCReference>
        <DCCReference Include="fm_AddEditRefBookClients.pas">
            <Form>fmAddEditRefBookClients</Form>
        </DCCReference>
        <DCCReference Include="fm_ShowRefBookClients.pas">
            <Form>fmShowRefBookClients</Form>
        </DCCReference>
        <DCCReference Include="fm_ShowRefBooks.pas">
            <Form>fmShowRefBook</Form>
            <FormType>dfm</FormType>
        </DCCReference>
        <DCCReference Include="fm_AddEditInvoice.pas">
            <Form>fmAddEditInvoice</Form>
        </DCCReference>
        <DCCReference Include="fm_AddEditInvoiceLine.pas">
            <Form>fmAddEditInvoiceLine</Form>
        </DCCReference>
        <DCCReference Include="fm_ShowPriceLists.pas">
            <Form>fmShowPriceLists</Form>
        </DCCReference>
        <DCCReference Include="fm_AddEditPriceListLine.pas">
            <Form>fmAddEditPriceListLine</Form>
        </DCCReference>
        <DCCReference Include="fm_AddEditPriceList.pas">
            <Form>fmAddEditPriceList</Form>
        </DCCReference>
        <DCCReference Include="fm_ShowCurrentPriceList.pas">
            <Form>fmShowCurrentPriceList</Form>
        </DCCReference>
        <BuildConfiguration Include="Release">
            <Key>Cfg_2</Key>
            <CfgParent>Base</CfgParent>
        </BuildConfiguration>
        <BuildConfiguration Include="Base">
            <Key>Base</Key>
        </BuildConfiguration>
        <BuildConfiguration Include="Debug">
            <Key>Cfg_1</Key>
            <CfgParent>Base</CfgParent>
        </BuildConfiguration>
    </ItemGroup>
    <ProjectExtensions>
        <Borland.Personality>Delphi.Personality.12</Borland.Personality>
        <Borland.ProjectType/>
        <BorlandProject>
            <Delphi.Personality>
                <VersionInfo>
                    <VersionInfo Name="IncludeVerInfo">False</VersionInfo>
                    <VersionInfo Name="AutoIncBuild">False</VersionInfo>
                    <VersionInfo Name="MajorVer">1</VersionInfo>
                    <VersionInfo Name="MinorVer">0</VersionInfo>
                    <VersionInfo Name="Release">0</VersionInfo>
                    <VersionInfo Name="Build">0</VersionInfo>
                    <VersionInfo Name="Debug">False</VersionInfo>
                    <VersionInfo Name="PreRelease">False</VersionInfo>
                    <VersionInfo Name="Special">False</VersionInfo>
                    <VersionInfo Name="Private">False</VersionInfo>
                    <VersionInfo Name="DLL">False</VersionInfo>
                    <VersionInfo Name="Locale">1049</VersionInfo>
                    <VersionInfo Name="CodePage">1251</VersionInfo>
                </VersionInfo>
                <VersionInfoKeys>
                    <VersionInfoKeys Name="CompanyName"/>
                    <VersionInfoKeys Name="FileDescription"/>
                    <VersionInfoKeys Name="FileVersion">1.0.0.0</VersionInfoKeys>
                    <VersionInfoKeys Name="InternalName"/>
                    <VersionInfoKeys Name="LegalCopyright"/>
                    <VersionInfoKeys Name="LegalTrademarks"/>
                    <VersionInfoKeys Name="OriginalFilename"/>
                    <VersionInfoKeys Name="ProductName"/>
                    <VersionInfoKeys Name="ProductVersion">1.0.0.0</VersionInfoKeys>
                    <VersionInfoKeys Name="Comments"/>
                    <VersionInfoKeys Name="CFBundleName"/>
                    <VersionInfoKeys Name="CFBundleDisplayName"/>
                    <VersionInfoKeys Name="CFBundleIdentifier"/>
                    <VersionInfoKeys Name="CFBundleVersion"/>
                    <VersionInfoKeys Name="CFBundlePackageType"/>
                    <VersionInfoKeys Name="CFBundleSignature"/>
                    <VersionInfoKeys Name="CFBundleAllowMixedLocalizations"/>
                    <VersionInfoKeys Name="CFBundleExecutable"/>
                </VersionInfoKeys>
                <Source>
                    <Source Name="MainSource">Warehouse.dpr</Source>
                </Source>
                <Excluded_Packages>
                    <Excluded_Packages Name="$(BDSBIN)\dcloffice2k170.bpl">Microsoft Office 2000 Sample Automation Server Wrapper Components</Excluded_Packages>
                    <Excluded_Packages Name="$(BDSBIN)\dclofficexp170.bpl">Microsoft Office XP Sample Automation Server Wrapper Components</Excluded_Packages>
                </Excluded_Packages>
            </Delphi.Personality>
            <Deployment/>
            <Platforms>
                <Platform value="Win32">True</Platform>
                <Platform value="Win64">False</Platform>
            </Platforms>
            <ModelSupport>False</ModelSupport>
        </BorlandProject>
        <ProjectFileVersion>12</ProjectFileVersion>
    </ProjectExtensions>
    <Import Project="$(BDS)\Bin\CodeGear.Delphi.Targets" Condition="Exists('$(BDS)\Bin\CodeGear.Delphi.Targets')"/>
    <Import Project="$(APPDATA)\Embarcadero\$(BDSAPPDATABASEDIR)\$(PRODUCTVERSION)\UserTools.proj" Condition="Exists('$(APPDATA)\Embarcadero\$(BDSAPPDATABASEDIR)\$(PRODUCTVERSION)\UserTools.proj')"/>
</Project>
